
Microsoft Visual Studio Solution File, Format Version 12.00
# Visual Studio Version 17
VisualStudioVersion = 17.1.32210.238
MinimumVisualStudioVersion = 10.0.40219.1
Project("{FAE04EC0-301F-11D3-BF4B-00C04F79EFBC}") = "EXAMEN II_Rosaysela", "EXAMEN II_Rosaysela\EXAMEN II_Rosaysela.csproj", "{653997D3-27EC-49CA-8077-DA0DE3F8928E}"
EndProject
Project("{FAE04EC0-301F-11D3-BF4B-00C04F79EFBC}") = "ConectarDatos", "ConectarDatos\ConectarDatos.csproj", "{8C2544DA-9350-4F57-8696-07806F98B9E3}"
EndProject
Global
	GlobalSection(SolutionConfigurationPlatforms) = preSolution
		Debug|Any CPU = Debug|Any CPU
		Release|Any CPU = Release|Any CPU
	EndGlobalSection
	GlobalSection(ProjectConfigurationPlatforms) = postSolution
		{653997D3-27EC-49CA-8077-DA0DE3F8928E}.Debug|Any CPU.ActiveCfg = Debug|Any CPU
		{653997D3-27EC-49CA-8077-DA0DE3F8928E}.Debug|Any CPU.Build.0 = Debug|Any CPU
		{653997D3-27EC-49CA-8077-DA0DE3F8928E}.Release|Any CPU.ActiveCfg = Release|Any CPU
		{653997D3-27EC-49CA-8077-DA0DE3F8928E}.Release|Any CPU.Build.0 = Release|Any CPU
		{8C2544DA-9350-4F57-8696-07806F98B9E3}.Debug|Any CPU.ActiveCfg = Debug|Any CPU
		{8C2544DA-9350-4F57-8696-07806F98B9E3}.Debug|Any CPU.Build.0 = Debug|Any CPU
		{8C2544DA-9350-4F57-8696-07806F98B9E3}.Release|Any CPU.ActiveCfg = Release|Any CPU
		{8C2544DA-9350-4F57-8696-07806F98B9E3}.Release|Any CPU.Build.0 = Release|Any CPU
	EndGlobalSection
	GlobalSection(SolutionProperties) = preSolution
		HideSolutionNode = FALSE
	EndGlobalSection
	GlobalSection(ExtensibilityGlobals) = postSolution
		SolutionGuid = {78491D48-52F5-45B6-98E5-83EF60D042B9}
	EndGlobalSection
EndGlobal
